// !$*UTF8*$!
{
	archiveVersion = 1;
	classes = {
	};
	objectVersion = 46;
	objects = {

/* Begin PBXBuildFile section */
		DE991DC21BB0CCB5007C489E /* AppDelegate.swift in Sources */ = {isa = PBXBuildFile; fileRef = DE991DC11BB0CCB5007C489E /* AppDelegate.swift */; };
		DE991DC41BB0CCB5007C489E /* ViewController.swift in Sources */ = {isa = PBXBuildFile; fileRef = DE991DC31BB0CCB5007C489E /* ViewController.swift */; };
		DE991DC71BB0CCB5007C489E /* Main.storyboard in Resources */ = {isa = PBXBuildFile; fileRef = DE991DC51BB0CCB5007C489E /* Main.storyboard */; };
		DE991DC91BB0CCB5007C489E /* Assets.xcassets in Resources */ = {isa = PBXBuildFile; fileRef = DE991DC81BB0CCB5007C489E /* Assets.xcassets */; };
		DE991DCC1BB0CCB5007C489E /* LaunchScreen.storyboard in Resources */ = {isa = PBXBuildFile; fileRef = DE991DCA1BB0CCB5007C489E /* LaunchScreen.storyboard */; };
		DE991DD71BB0CCB5007C489E /* HakkenTests.swift in Sources */ = {isa = PBXBuildFile; fileRef = DE991DD61BB0CCB5007C489E /* HakkenTests.swift */; };
		DE991DE21BB0CCB5007C489E /* HakkenUITests.swift in Sources */ = {isa = PBXBuildFile; fileRef = DE991DE11BB0CCB5007C489E /* HakkenUITests.swift */; };
/* End PBXBuildFile section */

/* Begin PBXContainerItemProxy section */
		DE991DD31BB0CCB5007C489E /* PBXContainerItemProxy */ = {
			isa = PBXContainerItemProxy;
			containerPortal = DE991DB61BB0CCB5007C489E /* Project object */;
			proxyType = 1;
			remoteGlobalIDString = DE991DBD1BB0CCB5007C489E;
			remoteInfo = Hakken;
		};
		DE991DDE1BB0CCB5007C489E /* PBXContainerItemProxy */ = {
			isa = PBXContainerItemProxy;
			containerPortal = DE991DB61BB0CCB5007C489E /* Project object */;
			proxyType = 1;
			remoteGlobalIDString = DE991DBD1BB0CCB5007C489E;
			remoteInfo = Hakken;
		};
/* End PBXContainerItemProxy section */

/* Begin PBXFileReference section */
		DE991DBE1BB0CCB5007C489E /* Hakken.app */ = {isa = PBXFileReference; explicitFileType = wrapper.application; includeInIndex = 0; path = Hakken.app; sourceTree = BUILT_PRODUCTS_DIR; };
		DE991DC11BB0CCB5007C489E /* AppDelegate.swift */ = {isa = PBXFileReference; lastKnownFileType = sourcecode.swift; path = AppDelegate.swift; sourceTree = "<group>"; };
		DE991DC31BB0CCB5007C489E /* ViewController.swift */ = {isa = PBXFileReference; lastKnownFileType = sourcecode.swift; path = ViewController.swift; sourceTree = "<group>"; };
		DE991DC61BB0CCB5007C489E /* Base */ = {isa = PBXFileReference; lastKnownFileType = file.storyboard; name = Base; path = Base.lproj/Main.storyboard; sourceTree = "<group>"; };
		DE991DC81BB0CCB5007C489E /* Assets.xcassets */ = {isa = PBXFileReference; lastKnownFileType = folder.assetcatalog; path = Assets.xcassets; sourceTree = "<group>"; };
		DE991DCB1BB0CCB5007C489E /* Base */ = {isa = PBXFileReference; lastKnownFileType = file.storyboard; name = Base; path = Base.lproj/LaunchScreen.storyboard; sourceTree = "<group>"; };
		DE991DCD1BB0CCB5007C489E /* Info.plist */ = {isa = PBXFileReference; lastKnownFileType = text.plist.xml; path = Info.plist; sourceTree = "<group>"; };
		DE991DD21BB0CCB5007C489E /* HakkenTests.xctest */ = {isa = PBXFileReference; explicitFileType = wrapper.cfbundle; includeInIndex = 0; path = HakkenTests.xctest; sourceTree = BUILT_PRODUCTS_DIR; };
		DE991DD61BB0CCB5007C489E /* HakkenTests.swift */ = {isa = PBXFileReference; lastKnownFileType = sourcecode.swift; path = HakkenTests.swift; sourceTree = "<group>"; };
		DE991DD81BB0CCB5007C489E /* Info.plist */ = {isa = PBXFileReference; lastKnownFileType = text.plist.xml; path = Info.plist; sourceTree = "<group>"; };
		DE991DDD1BB0CCB5007C489E /* HakkenUITests.xctest */ = {isa = PBXFileReference; explicitFileType = wrapper.cfbundle; includeInIndex = 0; path = HakkenUITests.xctest; sourceTree = BUILT_PRODUCTS_DIR; };
		DE991DE11BB0CCB5007C489E /* HakkenUITests.swift */ = {isa = PBXFileReference; lastKnownFileType = sourcecode.swift; path = HakkenUITests.swift; sourceTree = "<group>"; };
		DE991DE31BB0CCB5007C489E /* Info.plist */ = {isa = PBXFileReference; lastKnownFileType = text.plist.xml; path = Info.plist; sourceTree = "<group>"; };
/* End PBXFileReference section */

/* Begin PBXFrameworksBuildPhase section */
		DE991DBB1BB0CCB5007C489E /* Frameworks */ = {
			isa = PBXFrameworksBuildPhase;
			buildActionMask = 2147483647;
			files = (
			);
			runOnlyForDeploymentPostprocessing = 0;
		};
		DE991DCF1BB0CCB5007C489E /* Frameworks */ = {
			isa = PBXFrameworksBuildPhase;
			buildActionMask = 2147483647;
			files = (
			);
			runOnlyForDeploymentPostprocessing = 0;
		};
		DE991DDA1BB0CCB5007C489E /* Frameworks */ = {
			isa = PBXFrameworksBuildPhase;
			buildActionMask = 2147483647;
			files = (
			);
			runOnlyForDeploymentPostprocessing = 0;
		};
/* End PBXFrameworksBuildPhase section */

/* Begin PBXGroup section */
		DE991DB51BB0CCB5007C489E = {
			isa = PBXGroup;
			children = (
				DE991DC01BB0CCB5007C489E /* Hakken */,
				DE991DD51BB0CCB5007C489E /* HakkenTests */,
				DE991DE01BB0CCB5007C489E /* HakkenUITests */,
				DE991DBF1BB0CCB5007C489E /* Products */,
			);
			sourceTree = "<group>";
		};
		DE991DBF1BB0CCB5007C489E /* Products */ = {
			isa = PBXGroup;
			children = (
				DE991DBE1BB0CCB5007C489E /* Hakken.app */,
				DE991DD21BB0CCB5007C489E /* HakkenTests.xctest */,
				DE991DDD1BB0CCB5007C489E /* HakkenUITests.xctest */,
			);
			name = Products;
			sourceTree = "<group>";
		};
		DE991DC01BB0CCB5007C489E /* Hakken */ = {
			isa = PBXGroup;
			children = (
				DE991DC11BB0CCB5007C489E /* AppDelegate.swift */,
				DE991DC31BB0CCB5007C489E /* ViewController.swift */,
				DE991DC51BB0CCB5007C489E /* Main.storyboard */,
				DE991DC81BB0CCB5007C489E /* Assets.xcassets */,
				DE991DCA1BB0CCB5007C489E /* LaunchScreen.storyboard */,
				DE991DCD1BB0CCB5007C489E /* Info.plist */,
			);
			path = Hakken;
			sourceTree = "<group>";
		};
		DE991DD51BB0CCB5007C489E /* HakkenTests */ = {
			isa = PBXGroup;
			children = (
				DE991DD61BB0CCB5007C489E /* HakkenTests.swift */,
				DE991DD81BB0CCB5007C489E /* Info.plist */,
			);
			path = HakkenTests;
			sourceTree = "<group>";
		};
		DE991DE01BB0CCB5007C489E /* HakkenUITests */ = {
			isa = PBXGroup;
			children = (
				DE991DE11BB0CCB5007C489E /* HakkenUITests.swift */,
				DE991DE31BB0CCB5007C489E /* Info.plist */,
			);
			path = HakkenUITests;
			sourceTree = "<group>";
		};
/* End PBXGroup section */

/* Begin PBXNativeTarget section */
		DE991DBD1BB0CCB5007C489E /* Hakken */ = {
			isa = PBXNativeTarget;
			buildConfigurationList = DE991DE61BB0CCB5007C489E /* Build configuration list for PBXNativeTarget "Hakken" */;
			buildPhases = (
				DE991DBA1BB0CCB5007C489E /* Sources */,
				DE991DBB1BB0CCB5007C489E /* Frameworks */,
				DE991DBC1BB0CCB5007C489E /* Resources */,
			);
			buildRules = (
			);
			dependencies = (
			);
			name = Hakken;
			productName = Hakken;
			productReference = DE991DBE1BB0CCB5007C489E /* Hakken.app */;
			productType = "com.apple.product-type.application";
		};
		DE991DD11BB0CCB5007C489E /* HakkenTests */ = {
			isa = PBXNativeTarget;
			buildConfigurationList = DE991DE91BB0CCB5007C489E /* Build configuration list for PBXNativeTarget "HakkenTests" */;
			buildPhases = (
				DE991DCE1BB0CCB5007C489E /* Sources */,
				DE991DCF1BB0CCB5007C489E /* Frameworks */,
				DE991DD01BB0CCB5007C489E /* Resources */,
			);
			buildRules = (
			);
			dependencies = (
				DE991DD41BB0CCB5007C489E /* PBXTargetDependency */,
			);
			name = HakkenTests;
			productName = HakkenTests;
			productReference = DE991DD21BB0CCB5007C489E /* HakkenTests.xctest */;
			productType = "com.apple.product-type.bundle.unit-test";
		};
		DE991DDC1BB0CCB5007C489E /* HakkenUITests */ = {
			isa = PBXNativeTarget;
			buildConfigurationList = DE991DEC1BB0CCB5007C489E /* Build configuration list for PBXNativeTarget "HakkenUITests" */;
			buildPhases = (
				DE991DD91BB0CCB5007C489E /* Sources */,
				DE991DDA1BB0CCB5007C489E /* Frameworks */,
				DE991DDB1BB0CCB5007C489E /* Resources */,
			);
			buildRules = (
			);
			dependencies = (
				DE991DDF1BB0CCB5007C489E /* PBXTargetDependency */,
			);
			name = HakkenUITests;
			productName = HakkenUITests;
			productReference = DE991DDD1BB0CCB5007C489E /* HakkenUITests.xctest */;
			productType = "com.apple.product-type.bundle.ui-testing";
		};
/* End PBXNativeTarget section */

/* Begin PBXProject section */
		DE991DB61BB0CCB5007C489E /* Project object */ = {
			isa = PBXProject;
			attributes = {
				LastUpgradeCheck = 0700;
				ORGANIZATIONNAME = dotdotdot;
				TargetAttributes = {
					DE991DBD1BB0CCB5007C489E = {
						CreatedOnToolsVersion = 7.0;
					};
					DE991DD11BB0CCB5007C489E = {
						CreatedOnToolsVersion = 7.0;
						TestTargetID = DE991DBD1BB0CCB5007C489E;
					};
					DE991DDC1BB0CCB5007C489E = {
						CreatedOnToolsVersion = 7.0;
						TestTargetID = DE991DBD1BB0CCB5007C489E;
					};
				};
			};
			buildConfigurationList = DE991DB91BB0CCB5007C489E /* Build configuration list for PBXProject "Hakken" */;
			compatibilityVersion = "Xcode 3.2";
			developmentRegion = English;
			hasScannedForEncodings = 0;
			knownRegions = (
				en,
				Base,
			);
			mainGroup = DE991DB51BB0CCB5007C489E;
			productRefGroup = DE991DBF1BB0CCB5007C489E /* Products */;
			projectDirPath = "";
			projectRoot = "";
			targets = (
				DE991DBD1BB0CCB5007C489E /* Hakken */,
				DE991DD11BB0CCB5007C489E /* HakkenTests */,
				DE991DDC1BB0CCB5007C489E /* HakkenUITests */,
			);
		};
/* End PBXProject section */

/* Begin PBXResourcesBuildPhase section */
		DE991DBC1BB0CCB5007C489E /* Resources */ = {
			isa = PBXResourcesBuildPhase;
			buildActionMask = 2147483647;
			files = (
				DE991DCC1BB0CCB5007C489E /* LaunchScreen.storyboard in Resources */,
				DE991DC91BB0CCB5007C489E /* Assets.xcassets in Resources */,
				DE991DC71BB0CCB5007C489E /* Main.storyboard in Resources */,
			);
			runOnlyForDeploymentPostprocessing = 0;
		};
		DE991DD01BB0CCB5007C489E /* Resources */ = {
			isa = PBXResourcesBuildPhase;
			buildActionMask = 2147483647;
			files = (
			);
			runOnlyForDeploymentPostprocessing = 0;
		};
		DE991DDB1BB0CCB5007C489E /* Resources */ = {
			isa = PBXResourcesBuildPhase;
			buildActionMask = 2147483647;
			files = (
			);
			runOnlyForDeploymentPostprocessing = 0;
		};
/* End PBXResourcesBuildPhase section */

/* Begin PBXSourcesBuildPhase section */
		DE991DBA1BB0CCB5007C489E /* Sources */ = {
			isa = PBXSourcesBuildPhase;
			buildActionMask = 2147483647;
			files = (
				DE991DC41BB0CCB5007C489E /* ViewController.swift in Sources */,
				DE991DC21BB0CCB5007C489E /* AppDelegate.swift in Sources */,
			);
			runOnlyForDeploymentPostprocessing = 0;
		};
		DE991DCE1BB0CCB5007C489E /* Sources */ = {
			isa = PBXSourcesBuildPhase;
			buildActionMask = 2147483647;
			files = (
				DE991DD71BB0CCB5007C489E /* HakkenTests.swift in Sources */,
			);
			runOnlyForDeploymentPostprocessing = 0;
		};
		DE991DD91BB0CCB5007C489E /* Sources */ = {
			isa = PBXSourcesBuildPhase;
			buildActionMask = 2147483647;
			files = (
				DE991DE21BB0CCB5007C489E /* HakkenUITests.swift in Sources */,
			);
			runOnlyForDeploymentPostprocessing = 0;
		};
/* End PBXSourcesBuildPhase section */

/* Begin PBXTargetDependency section */
		DE991DD41BB0CCB5007C489E /* PBXTargetDependency */ = {
			isa = PBXTargetDependency;
			target = DE991DBD1BB0CCB5007C489E /* Hakken */;
			targetProxy = DE991DD31BB0CCB5007C489E /* PBXContainerItemProxy */;
		};
		DE991DDF1BB0CCB5007C489E /* PBXTargetDependency */ = {
			isa = PBXTargetDependency;
			target = DE991DBD1BB0CCB5007C489E /* Hakken */;
			targetProxy = DE991DDE1BB0CCB5007C489E /* PBXContainerItemProxy */;
		};
/* End PBXTargetDependency section */

/* Begin PBXVariantGroup section */
		DE991DC51BB0CCB5007C489E /* Main.storyboard */ = {
			isa = PBXVariantGroup;
			children = (
				DE991DC61BB0CCB5007C489E /* Base */,
			);
			name = Main.storyboard;
			sourceTree = "<group>";
		};
		DE991DCA1BB0CCB5007C489E /* LaunchScreen.storyboard */ = {
			isa = PBXVariantGroup;
			children = (
				DE991DCB1BB0CCB5007C489E /* Base */,
			);
			name = LaunchScreen.storyboard;
			sourceTree = "<group>";
		};
/* End PBXVariantGroup section */

/* Begin XCBuildConfiguration section */
		DE991DE41BB0CCB5007C489E /* Debug */ = {
			isa = XCBuildConfiguration;
			buildSettings = {
				ALWAYS_SEARCH_USER_PATHS = NO;
				CLANG_CXX_LANGUAGE_STANDARD = "gnu++0x";
				CLANG_CXX_LIBRARY = "libc++";
				CLANG_ENABLE_MODULES = YES;
				CLANG_ENABLE_OBJC_ARC = YES;
				CLANG_WARN_BOOL_CONVERSION = YES;
				CLANG_WARN_CONSTANT_CONVERSION = YES;
				CLANG_WARN_DIRECT_OBJC_ISA_USAGE = YES_ERROR;
				CLANG_WARN_EMPTY_BODY = YES;
				CLANG_WARN_ENUM_CONVERSION = YES;
				CLANG_WARN_INT_CONVERSION = YES;
				CLANG_WARN_OBJC_ROOT_CLASS = YES_ERROR;
				CLANG_WARN_UNREACHABLE_CODE = YES;
				CLANG_WARN__DUPLICATE_METHOD_MATCH = YES;
				"CODE_SIGN_IDENTITY[sdk=iphoneos*]" = "iPhone Developer";
				COPY_PHASE_STRIP = NO;
				DEBUG_INFORMATION_FORMAT = dwarf;
				ENABLE_STRICT_OBJC_MSGSEND = YES;
				ENABLE_TESTABILITY = YES;
				GCC_C_LANGUAGE_STANDARD = gnu99;
				GCC_DYNAMIC_NO_PIC = NO;
				GCC_NO_COMMON_BLOCKS = YES;
				GCC_OPTIMIZATION_LEVEL = 0;
				GCC_PREPROCESSOR_DEFINITIONS = (
					"DEBUG=1",
					"$(inherited)",
				);
				GCC_WARN_64_TO_32_BIT_CONVERSION = YES;
				GCC_WARN_ABOUT_RETURN_TYPE = YES_ERROR;
				GCC_WARN_UNDECLARED_SELECTOR = YES;
				GCC_WARN_UNINITIALIZED_AUTOS = YES_AGGRESSIVE;
				GCC_WARN_UNUSED_FUNCTION = YES;
				GCC_WARN_UNUSED_VARIABLE = YES;
				IPHONEOS_DEPLOYMENT_TARGET = 9.0;
				MTL_ENABLE_DEBUG_INFO = YES;
				ONLY_ACTIVE_ARCH = YES;
				SDKROOT = iphoneos;
				SWIFT_OPTIMIZATION_LEVEL = "-Onone";
				TARGETED_DEVICE_FAMILY = "1,2";
			};
			name = Debug;
		};
		DE991DE51BB0CCB5007C489E /* Release */ = {
			isa = XCBuildConfiguration;
			buildSettings = {
				ALWAYS_SEARCH_USER_PATHS = NO;
				CLANG_CXX_LANGUAGE_STANDARD = "gnu++0x";
				CLANG_CXX_LIBRARY = "libc++";
				CLANG_ENABLE_MODULES = YES;
				CLANG_ENABLE_OBJC_ARC = YES;
				CLANG_WARN_BOOL_CONVERSION = YES;
				CLANG_WARN_CONSTANT_CONVERSION = YES;
				CLANG_WARN_DIRECT_OBJC_ISA_USAGE = YES_ERROR;
				CLANG_WARN_EMPTY_BODY = YES;
				CLANG_WARN_ENUM_CONVERSION = YES;
				CLANG_WARN_INT_CONVERSION = YES;
				CLANG_WARN_OBJC_ROOT_CLASS = YES_ERROR;
				CLANG_WARN_UNREACHABLE_CODE = YES;
				CLANG_WARN__DUPLICATE_METHOD_MATCH = YES;
				"CODE_SIGN_IDENTITY[sdk=iphoneos*]" = "iPhone Developer";
				COPY_PHASE_STRIP = NO;
				DEBUG_INFORMATION_FORMAT = "dwarf-with-dsym";
				ENABLE_NS_ASSERTIONS = NO;
				ENABLE_STRICT_OBJC_MSGSEND = YES;
				GCC_C_LANGUAGE_STANDARD = gnu99;
				GCC_NO_COMMON_BLOCKS = YES;
				GCC_WARN_64_TO_32_BIT_CONVERSION = YES;
				GCC_WARN_ABOUT_RETURN_TYPE = YES_ERROR;
				GCC_WARN_UNDECLARED_SELECTOR = YES;
				GCC_WARN_UNINITIALIZED_AUTOS = YES_AGGRESSIVE;
				GCC_WARN_UNUSED_FUNCTION = YES;
				GCC_WARN_UNUSED_VARIABLE = YES;
				IPHONEOS_DEPLOYMENT_TARGET = 9.0;
				MTL_ENABLE_DEBUG_INFO = NO;
				SDKROOT = iphoneos;
				TARGETED_DEVICE_FAMILY = "1,2";
				VALIDATE_PRODUCT = YES;
			};
			name = Release;
		};
		DE991DE71BB0CCB5007C489E /* Debug */ = {
			isa = XCBuildConfiguration;
			buildSettings = {
				ASSETCATALOG_COMPILER_APPICON_NAME = AppIcon;
				INFOPLIST_FILE = Hakken/Info.plist;
				LD_RUNPATH_SEARCH_PATHS = "$(inherited) @executable_path/Frameworks";
				PRODUCT_BUNDLE_IDENTIFIER = com.dotdotdot.Hakken;
				PRODUCT_NAME = "$(TARGET_NAME)";
			};
			name = Debug;
		};
		DE991DE81BB0CCB5007C489E /* Release */ = {
			isa = XCBuildConfiguration;
			buildSettings = {
				ASSETCATALOG_COMPILER_APPICON_NAME = AppIcon;
				INFOPLIST_FILE = Hakken/Info.plist;
				LD_RUNPATH_SEARCH_PATHS = "$(inherited) @executable_path/Frameworks";
				PRODUCT_BUNDLE_IDENTIFIER = com.dotdotdot.Hakken;
				PRODUCT_NAME = "$(TARGET_NAME)";
			};
			name = Release;
		};
		DE991DEA1BB0CCB5007C489E /* Debug */ = {
			isa = XCBuildConfiguration;
			buildSettings = {
				BUNDLE_LOADER = "$(TEST_HOST)";
				INFOPLIST_FILE = HakkenTests/Info.plist;
				LD_RUNPATH_SEARCH_PATHS = "$(inherited) @executable_path/Frameworks @loader_path/Frameworks";
				PRODUCT_BUNDLE_IDENTIFIER = com.dotdotdot.HakkenTests;
				PRODUCT_NAME = "$(TARGET_NAME)";
				TEST_HOST = "$(BUILT_PRODUCTS_DIR)/Hakken.app/Hakken";
			};
			name = Debug;
		};
		DE991DEB1BB0CCB5007C489E /* Release */ = {
			isa = XCBuildConfiguration;
			buildSettings = {
				BUNDLE_LOADER = "$(TEST_HOST)";
				INFOPLIST_FILE = HakkenTests/Info.plist;
				LD_RUNPATH_SEARCH_PATHS = "$(inherited) @executable_path/Frameworks @loader_path/Frameworks";
				PRODUCT_BUNDLE_IDENTIFIER = com.dotdotdot.HakkenTests;
				PRODUCT_NAME = "$(TARGET_NAME)";
				TEST_HOST = "$(BUILT_PRODUCTS_DIR)/Hakken.app/Hakken";
			};
			name = Release;
		};
		DE991DED1BB0CCB5007C489E /* Debug */ = {
			isa = XCBuildConfiguration;
			buildSettings = {
				INFOPLIST_FILE = HakkenUITests/Info.plist;
				LD_RUNPATH_SEARCH_PATHS = "$(inherited) @executable_path/Frameworks @loader_path/Frameworks";
				PRODUCT_BUNDLE_IDENTIFIER = com.dotdotdot.HakkenUITests;
				PRODUCT_NAME = "$(TARGET_NAME)";
				TEST_TARGET_NAME = Hakken;
				USES_XCTRUNNER = YES;
			};
			name = Debug;
		};
		DE991DEE1BB0CCB5007C489E /* Release */ = {
			isa = XCBuildConfiguration;
			buildSettings = {
				INFOPLIST_FILE = HakkenUITests/Info.plist;
				LD_RUNPATH_SEARCH_PATHS = "$(inherited) @executable_path/Frameworks @loader_path/Frameworks";
				PRODUCT_BUNDLE_IDENTIFIER = com.dotdotdot.HakkenUITests;
				PRODUCT_NAME = "$(TARGET_NAME)";
				TEST_TARGET_NAME = Hakken;
				USES_XCTRUNNER = YES;
			};
			name = Release;
		};
/* End XCBuildConfiguration section */

/* Begin XCConfigurationList section */
		DE991DB91BB0CCB5007C489E /* Build configuration list for PBXProject "Hakken" */ = {
			isa = XCConfigurationList;
			buildConfigurations = (
				DE991DE41BB0CCB5007C489E /* Debug */,
				DE991DE51BB0CCB5007C489E /* Release */,
			);
			defaultConfigurationIsVisible = 0;
			defaultConfigurationName = Release;
		};
		DE991DE61BB0CCB5007C489E /* Build configuration list for PBXNativeTarget "Hakken" */ = {
			isa = XCConfigurationList;
			buildConfigurations = (
				DE991DE71BB0CCB5007C489E /* Debug */,
				DE991DE81BB0CCB5007C489E /* Release */,
			);
			defaultConfigurationIsVisible = 0;
		};
		DE991DE91BB0CCB5007C489E /* Build configuration list for PBXNativeTarget "HakkenTests" */ = {
			isa = XCConfigurationList;
			buildConfigurations = (
				DE991DEA1BB0CCB5007C489E /* Debug */,
				DE991DEB1BB0CCB5007C489E /* Release */,
			);
			defaultConfigurationIsVisible = 0;
		};
		DE991DEC1BB0CCB5007C489E /* Build configuration list for PBXNativeTarget "HakkenUITests" */ = {
			isa = XCConfigurationList;
			buildConfigurations = (
				DE991DED1BB0CCB5007C489E /* Debug */,
				DE991DEE1BB0CCB5007C489E /* Release */,
			);
			defaultConfigurationIsVisible = 0;
		};
/* End XCConfigurationList section */
	};
	rootObject = DE991DB61BB0CCB5007C489E /* Project object */;
}
